
Microsoft Visual Studio Solution File, Format Version 12.00
# Visual Studio Version 17
VisualStudioVersion = 17.7.34031.279
MinimumVisualStudioVersion = 10.0.40219.1
Project("{FAE04EC0-301F-11D3-BF4B-00C04F79EFBC}") = "213043_Qno8_Lab#08", "213043_Qno8_Lab#08\213043_Qno8_Lab#08.csproj", "{55B40DC2-3990-4414-8E3A-A5555A905512}"
EndProject
Global
	GlobalSection(SolutionConfigurationPlatforms) = preSolution
		Debug|Any CPU = Debug|Any CPU
		Release|Any CPU = Release|Any CPU
	EndGlobalSection
	GlobalSection(ProjectConfigurationPlatforms) = postSolution
		{55B40DC2-3990-4414-8E3A-A5555A905512}.Debug|Any CPU.ActiveCfg = Debug|Any CPU
		{55B40DC2-3990-4414-8E3A-A5555A905512}.Debug|Any CPU.Build.0 = Debug|Any CPU
		{55B40DC2-3990-4414-8E3A-A5555A905512}.Release|Any CPU.ActiveCfg = Release|Any CPU
		{55B40DC2-3990-4414-8E3A-A5555A905512}.Release|Any CPU.Build.0 = Release|Any CPU
	EndGlobalSection
	GlobalSection(SolutionProperties) = preSolution
		HideSolutionNode = FALSE
	EndGlobalSection
	GlobalSection(ExtensibilityGlobals) = postSolution
		SolutionGuid = {C7ECAB0F-63DC-4ED6-A0A0-342A5FBDCFE6}
	EndGlobalSection
EndGlobal
