
Microsoft Visual Studio Solution File, Format Version 12.00
# Visual Studio Version 17
VisualStudioVersion = 17.7.34031.279
MinimumVisualStudioVersion = 10.0.40219.1
Project("{FAE04EC0-301F-11D3-BF4B-00C04F79EFBC}") = "213043_Qno07_Lab#08", "213043_Qno07_Lab#08\213043_Qno07_Lab#08.csproj", "{758C2C1E-A171-463A-96C5-062009E67F0D}"
EndProject
Global
	GlobalSection(SolutionConfigurationPlatforms) = preSolution
		Debug|Any CPU = Debug|Any CPU
		Release|Any CPU = Release|Any CPU
	EndGlobalSection
	GlobalSection(ProjectConfigurationPlatforms) = postSolution
		{758C2C1E-A171-463A-96C5-062009E67F0D}.Debug|Any CPU.ActiveCfg = Debug|Any CPU
		{758C2C1E-A171-463A-96C5-062009E67F0D}.Debug|Any CPU.Build.0 = Debug|Any CPU
		{758C2C1E-A171-463A-96C5-062009E67F0D}.Release|Any CPU.ActiveCfg = Release|Any CPU
		{758C2C1E-A171-463A-96C5-062009E67F0D}.Release|Any CPU.Build.0 = Release|Any CPU
	EndGlobalSection
	GlobalSection(SolutionProperties) = preSolution
		HideSolutionNode = FALSE
	EndGlobalSection
	GlobalSection(ExtensibilityGlobals) = postSolution
		SolutionGuid = {722308C7-E70C-43E7-8A1F-23A3EDAB9462}
	EndGlobalSection
EndGlobal
