
Microsoft Visual Studio Solution File, Format Version 12.00
# Visual Studio Version 17
VisualStudioVersion = 17.7.34031.279
MinimumVisualStudioVersion = 10.0.40219.1
Project("{FAE04EC0-301F-11D3-BF4B-00C04F79EFBC}") = "213043_Qno09_Lab#08", "213043_Qno09_Lab#08\213043_Qno09_Lab#08.csproj", "{BC39DA4D-2A64-498B-846A-1DA26449818B}"
EndProject
Global
	GlobalSection(SolutionConfigurationPlatforms) = preSolution
		Debug|Any CPU = Debug|Any CPU
		Release|Any CPU = Release|Any CPU
	EndGlobalSection
	GlobalSection(ProjectConfigurationPlatforms) = postSolution
		{BC39DA4D-2A64-498B-846A-1DA26449818B}.Debug|Any CPU.ActiveCfg = Debug|Any CPU
		{BC39DA4D-2A64-498B-846A-1DA26449818B}.Debug|Any CPU.Build.0 = Debug|Any CPU
		{BC39DA4D-2A64-498B-846A-1DA26449818B}.Release|Any CPU.ActiveCfg = Release|Any CPU
		{BC39DA4D-2A64-498B-846A-1DA26449818B}.Release|Any CPU.Build.0 = Release|Any CPU
	EndGlobalSection
	GlobalSection(SolutionProperties) = preSolution
		HideSolutionNode = FALSE
	EndGlobalSection
	GlobalSection(ExtensibilityGlobals) = postSolution
		SolutionGuid = {2F85EA7A-5048-445A-A736-806E7B71F87F}
	EndGlobalSection
EndGlobal
